
Microsoft Visual Studio Solution File, Format Version 12.00
# Visual Studio Version 16
VisualStudioVersion = 16.0.31025.194
MinimumVisualStudioVersion = 10.0.40219.1
Project("{FAE04EC0-301F-11D3-BF4B-00C04F79EFBC}") = "Arithmetic Functions", "Arithmetic Functions.csproj", "{762D5A5C-BDBF-4B6F-9A4B-34D116B1A7CB}"
EndProject
Global
	GlobalSection(SolutionConfigurationPlatforms) = preSolution
		Debug|Any CPU = Debug|Any CPU
		Release|Any CPU = Release|Any CPU
	EndGlobalSection
	GlobalSection(ProjectConfigurationPlatforms) = postSolution
		{762D5A5C-BDBF-4B6F-9A4B-34D116B1A7CB}.Debug|Any CPU.ActiveCfg = Debug|Any CPU
		{762D5A5C-BDBF-4B6F-9A4B-34D116B1A7CB}.Debug|Any CPU.Build.0 = Debug|Any CPU
		{762D5A5C-BDBF-4B6F-9A4B-34D116B1A7CB}.Release|Any CPU.ActiveCfg = Release|Any CPU
		{762D5A5C-BDBF-4B6F-9A4B-34D116B1A7CB}.Release|Any CPU.Build.0 = Release|Any CPU
	EndGlobalSection
	GlobalSection(SolutionProperties) = preSolution
		HideSolutionNode = FALSE
	EndGlobalSection
	GlobalSection(ExtensibilityGlobals) = postSolution
		SolutionGuid = {DF64B819-C83E-4EF4-9FF6-794366008C6F}
	EndGlobalSection
EndGlobal
